
Microsoft Visual Studio Solution File, Format Version 12.00
# Visual Studio Version 17
VisualStudioVersion = 17.6.33829.357
MinimumVisualStudioVersion = 10.0.40219.1
Project("{FAE04EC0-301F-11D3-BF4B-00C04F79EFBC}") = "RaftSaveGameUploader", "RaftSaveGameUploader\RaftSaveGameUploader.csproj", "{0E4252D2-9A6E-4356-BDEE-F2FD23CAE6A7}"
EndProject
Global
	GlobalSection(SolutionConfigurationPlatforms) = preSolution
		Debug|Any CPU = Debug|Any CPU
		Release|Any CPU = Release|Any CPU
	EndGlobalSection
	GlobalSection(ProjectConfigurationPlatforms) = postSolution
		{0E4252D2-9A6E-4356-BDEE-F2FD23CAE6A7}.Debug|Any CPU.ActiveCfg = Debug|Any CPU
		{0E4252D2-9A6E-4356-BDEE-F2FD23CAE6A7}.Debug|Any CPU.Build.0 = Debug|Any CPU
		{0E4252D2-9A6E-4356-BDEE-F2FD23CAE6A7}.Release|Any CPU.ActiveCfg = Release|Any CPU
		{0E4252D2-9A6E-4356-BDEE-F2FD23CAE6A7}.Release|Any CPU.Build.0 = Release|Any CPU
	EndGlobalSection
	GlobalSection(SolutionProperties) = preSolution
		HideSolutionNode = FALSE
	EndGlobalSection
	GlobalSection(ExtensibilityGlobals) = postSolution
		SolutionGuid = {D1B223D7-6976-44C8-9095-EA8F991624AF}
	EndGlobalSection
EndGlobal
